
Microsoft Visual Studio Solution File, Format Version 12.00
# Visual Studio Version 16
VisualStudioVersion = 16.0.31911.196
MinimumVisualStudioVersion = 10.0.40219.1
Project("{FAE04EC0-301F-11D3-BF4B-00C04F79EFBC}") = "Odev", "Odev\Odev.csproj", "{C6C4BD86-1AEA-431B-9D2A-39E8C6A0DB96}"
EndProject
Global
	GlobalSection(SolutionConfigurationPlatforms) = preSolution
		Debug|Any CPU = Debug|Any CPU
		Release|Any CPU = Release|Any CPU
	EndGlobalSection
	GlobalSection(ProjectConfigurationPlatforms) = postSolution
		{C6C4BD86-1AEA-431B-9D2A-39E8C6A0DB96}.Debug|Any CPU.ActiveCfg = Debug|Any CPU
		{C6C4BD86-1AEA-431B-9D2A-39E8C6A0DB96}.Debug|Any CPU.Build.0 = Debug|Any CPU
		{C6C4BD86-1AEA-431B-9D2A-39E8C6A0DB96}.Release|Any CPU.ActiveCfg = Release|Any CPU
		{C6C4BD86-1AEA-431B-9D2A-39E8C6A0DB96}.Release|Any CPU.Build.0 = Release|Any CPU
	EndGlobalSection
	GlobalSection(SolutionProperties) = preSolution
		HideSolutionNode = FALSE
	EndGlobalSection
	GlobalSection(ExtensibilityGlobals) = postSolution
		SolutionGuid = {5E38CC05-D9F7-464F-96C9-057DC1724D73}
	EndGlobalSection
EndGlobal
